
Microsoft Visual Studio Solution File, Format Version 12.00
# Visual Studio Version 16
VisualStudioVersion = 16.0.30011.22
MinimumVisualStudioVersion = 10.0.40219.1
Project("{FAE04EC0-301F-11D3-BF4B-00C04F79EFBC}") = "Logica", "Logica\Logica.csproj", "{4CA596D9-9BBB-4749-8AD0-67F4EDBCEDEC}"
EndProject
Project("{FAE04EC0-301F-11D3-BF4B-00C04F79EFBC}") = "EjercicioEntregable", "EjercicioEntregable\EjercicioEntregable.csproj", "{AC56054E-E75E-4E74-9F5F-5AF69A41C0E6}"
EndProject
Global
	GlobalSection(SolutionConfigurationPlatforms) = preSolution
		Debug|Any CPU = Debug|Any CPU
		Release|Any CPU = Release|Any CPU
	EndGlobalSection
	GlobalSection(ProjectConfigurationPlatforms) = postSolution
		{4CA596D9-9BBB-4749-8AD0-67F4EDBCEDEC}.Debug|Any CPU.ActiveCfg = Debug|Any CPU
		{4CA596D9-9BBB-4749-8AD0-67F4EDBCEDEC}.Debug|Any CPU.Build.0 = Debug|Any CPU
		{4CA596D9-9BBB-4749-8AD0-67F4EDBCEDEC}.Release|Any CPU.ActiveCfg = Release|Any CPU
		{4CA596D9-9BBB-4749-8AD0-67F4EDBCEDEC}.Release|Any CPU.Build.0 = Release|Any CPU
		{AC56054E-E75E-4E74-9F5F-5AF69A41C0E6}.Debug|Any CPU.ActiveCfg = Debug|Any CPU
		{AC56054E-E75E-4E74-9F5F-5AF69A41C0E6}.Debug|Any CPU.Build.0 = Debug|Any CPU
		{AC56054E-E75E-4E74-9F5F-5AF69A41C0E6}.Release|Any CPU.ActiveCfg = Release|Any CPU
		{AC56054E-E75E-4E74-9F5F-5AF69A41C0E6}.Release|Any CPU.Build.0 = Release|Any CPU
	EndGlobalSection
	GlobalSection(SolutionProperties) = preSolution
		HideSolutionNode = FALSE
	EndGlobalSection
	GlobalSection(ExtensibilityGlobals) = postSolution
		SolutionGuid = {BA5B8845-2339-4E82-84E4-BF2A1DCAA52F}
	EndGlobalSection
EndGlobal
